
Microsoft Visual Studio Solution File, Format Version 12.00
# Visual Studio Version 17
VisualStudioVersion = 17.0.31903.59
MinimumVisualStudioVersion = 10.0.40219.1
Project("{2150E333-8FDC-42A3-9474-1A3956D46DE8}") = "Tool", "Tool", "{53472D94-5752-4B8D-971B-B675D16069E5}"
EndProject
Project("{FAE04EC0-301F-11D3-BF4B-00C04F79EFBC}") = "Gen", "Tool\Gen\Gen.csproj", "{84D1F1E5-AE2F-4B15-917A-0BDE848DBE8A}"
EndProject
Project("{FAE04EC0-301F-11D3-BF4B-00C04F79EFBC}") = "LibvirtHeader", "LibvirtHeader\LibvirtHeader.csproj", "{AFE119FB-097E-486E-9101-E2B009328D07}"
EndProject
Global
	GlobalSection(SolutionConfigurationPlatforms) = preSolution
		Debug|Any CPU = Debug|Any CPU
		Release|Any CPU = Release|Any CPU
	EndGlobalSection
	GlobalSection(SolutionProperties) = preSolution
		HideSolutionNode = FALSE
	EndGlobalSection
	GlobalSection(ProjectConfigurationPlatforms) = postSolution
		{84D1F1E5-AE2F-4B15-917A-0BDE848DBE8A}.Debug|Any CPU.ActiveCfg = Debug|Any CPU
		{84D1F1E5-AE2F-4B15-917A-0BDE848DBE8A}.Debug|Any CPU.Build.0 = Debug|Any CPU
		{84D1F1E5-AE2F-4B15-917A-0BDE848DBE8A}.Release|Any CPU.ActiveCfg = Release|Any CPU
		{84D1F1E5-AE2F-4B15-917A-0BDE848DBE8A}.Release|Any CPU.Build.0 = Release|Any CPU
		{AFE119FB-097E-486E-9101-E2B009328D07}.Debug|Any CPU.ActiveCfg = Debug|Any CPU
		{AFE119FB-097E-486E-9101-E2B009328D07}.Debug|Any CPU.Build.0 = Debug|Any CPU
		{AFE119FB-097E-486E-9101-E2B009328D07}.Release|Any CPU.ActiveCfg = Release|Any CPU
		{AFE119FB-097E-486E-9101-E2B009328D07}.Release|Any CPU.Build.0 = Release|Any CPU
	EndGlobalSection
	GlobalSection(NestedProjects) = preSolution
		{84D1F1E5-AE2F-4B15-917A-0BDE848DBE8A} = {53472D94-5752-4B8D-971B-B675D16069E5}
	EndGlobalSection
EndGlobal
